
Microsoft Visual Studio Solution File, Format Version 12.00
# Visual Studio Version 16
VisualStudioVersion = 16.0.31729.503
MinimumVisualStudioVersion = 10.0.40219.1
Project("{9A19103F-16F7-4668-BE54-9A1E7A4F7556}") = "SellerApi", "SellerApi\SellerApi.csproj", "{99E21654-50A5-4B34-9AD9-7820D8A160F7}"
EndProject
Project("{9A19103F-16F7-4668-BE54-9A1E7A4F7556}") = "BuyerApi", "BuyerApi\BuyerApi.csproj", "{2DDE23D6-A427-4198-87C3-BC4F57D90CED}"
EndProject
Project("{FAE04EC0-301F-11D3-BF4B-00C04F79EFBC}") = "E-Auction-Api-Gate-Way", "E-Auction-Api-Gate-Way\E-Auction-Api-Gate-Way.csproj", "{E33D7365-B893-4098-94AF-9A4E4AA17F68}"
EndProject
Global
	GlobalSection(SolutionConfigurationPlatforms) = preSolution
		Debug|Any CPU = Debug|Any CPU
		Release|Any CPU = Release|Any CPU
	EndGlobalSection
	GlobalSection(ProjectConfigurationPlatforms) = postSolution
		{99E21654-50A5-4B34-9AD9-7820D8A160F7}.Debug|Any CPU.ActiveCfg = Debug|Any CPU
		{99E21654-50A5-4B34-9AD9-7820D8A160F7}.Debug|Any CPU.Build.0 = Debug|Any CPU
		{99E21654-50A5-4B34-9AD9-7820D8A160F7}.Release|Any CPU.ActiveCfg = Release|Any CPU
		{99E21654-50A5-4B34-9AD9-7820D8A160F7}.Release|Any CPU.Build.0 = Release|Any CPU
		{2DDE23D6-A427-4198-87C3-BC4F57D90CED}.Debug|Any CPU.ActiveCfg = Debug|Any CPU
		{2DDE23D6-A427-4198-87C3-BC4F57D90CED}.Debug|Any CPU.Build.0 = Debug|Any CPU
		{2DDE23D6-A427-4198-87C3-BC4F57D90CED}.Release|Any CPU.ActiveCfg = Release|Any CPU
		{2DDE23D6-A427-4198-87C3-BC4F57D90CED}.Release|Any CPU.Build.0 = Release|Any CPU
		{E33D7365-B893-4098-94AF-9A4E4AA17F68}.Debug|Any CPU.ActiveCfg = Debug|Any CPU
		{E33D7365-B893-4098-94AF-9A4E4AA17F68}.Debug|Any CPU.Build.0 = Debug|Any CPU
		{E33D7365-B893-4098-94AF-9A4E4AA17F68}.Release|Any CPU.ActiveCfg = Release|Any CPU
		{E33D7365-B893-4098-94AF-9A4E4AA17F68}.Release|Any CPU.Build.0 = Release|Any CPU
	EndGlobalSection
	GlobalSection(SolutionProperties) = preSolution
		HideSolutionNode = FALSE
	EndGlobalSection
	GlobalSection(ExtensibilityGlobals) = postSolution
		SolutionGuid = {56C6A909-FBCE-4026-8F4F-CF1E1782BC71}
	EndGlobalSection
EndGlobal
